// !$*UTF8*$!
{
	archiveVersion = 1;
	classes = {
	};
	objectVersion = 55;
	objects = {

/* Begin PBXBuildFile section */
		8F10C15727A920A700D71548 /* NoteEditViewController.swift in Sources */ = {isa = PBXBuildFile; fileRef = 8F10C15627A920A700D71548 /* NoteEditViewController.swift */; };
		8F10C15827A920A700D71548 /* NoteEditViewController.swift in Sources */ = {isa = PBXBuildFile; fileRef = 8F10C15627A920A700D71548 /* NoteEditViewController.swift */; };
		8F10C15927A920A700D71548 /* NoteEditViewController.swift in Sources */ = {isa = PBXBuildFile; fileRef = 8F10C15627A920A700D71548 /* NoteEditViewController.swift */; };
		8F10C15B27A93C1300D71548 /* NoteEditTextView.swift in Sources */ = {isa = PBXBuildFile; fileRef = 8F10C15A27A93C1300D71548 /* NoteEditTextView.swift */; };
		8F10C15C27A93C1300D71548 /* NoteEditTextView.swift in Sources */ = {isa = PBXBuildFile; fileRef = 8F10C15A27A93C1300D71548 /* NoteEditTextView.swift */; };
		8F10C15D27A93C1300D71548 /* NoteEditTextView.swift in Sources */ = {isa = PBXBuildFile; fileRef = 8F10C15A27A93C1300D71548 /* NoteEditTextView.swift */; };
		8F2EDF3E27A79C88005E9FCF /* NotesTitlesCell.swift in Sources */ = {isa = PBXBuildFile; fileRef = 8F2EDF3D27A79C88005E9FCF /* NotesTitlesCell.swift */; };
		8F2EDF3F27A79C88005E9FCF /* NotesTitlesCell.swift in Sources */ = {isa = PBXBuildFile; fileRef = 8F2EDF3D27A79C88005E9FCF /* NotesTitlesCell.swift */; };
		8F2EDF4027A79C88005E9FCF /* NotesTitlesCell.swift in Sources */ = {isa = PBXBuildFile; fileRef = 8F2EDF3D27A79C88005E9FCF /* NotesTitlesCell.swift */; };
		8F2EDF4227A79DC3005E9FCF /* MainViewController.swift in Sources */ = {isa = PBXBuildFile; fileRef = 8F2EDF4127A79DC3005E9FCF /* MainViewController.swift */; };
		8F2EDF4327A79DC3005E9FCF /* MainViewController.swift in Sources */ = {isa = PBXBuildFile; fileRef = 8F2EDF4127A79DC3005E9FCF /* MainViewController.swift */; };
		8F2EDF4427A79DC3005E9FCF /* MainViewController.swift in Sources */ = {isa = PBXBuildFile; fileRef = 8F2EDF4127A79DC3005E9FCF /* MainViewController.swift */; };
		8F2EDF4627A79E07005E9FCF /* MainTableViewController.swift in Sources */ = {isa = PBXBuildFile; fileRef = 8F2EDF4527A79E07005E9FCF /* MainTableViewController.swift */; };
		8F2EDF4727A79E07005E9FCF /* MainTableViewController.swift in Sources */ = {isa = PBXBuildFile; fileRef = 8F2EDF4527A79E07005E9FCF /* MainTableViewController.swift */; };
		8F2EDF4827A79E07005E9FCF /* MainTableViewController.swift in Sources */ = {isa = PBXBuildFile; fileRef = 8F2EDF4527A79E07005E9FCF /* MainTableViewController.swift */; };
		8F6FB99927A7960E004A577E /* FocusStart_iOS_TestTask_v4.pdf in Resources */ = {isa = PBXBuildFile; fileRef = 8F6FB99827A7960E004A577E /* FocusStart_iOS_TestTask_v4.pdf */; };
		8FBD7E0F27A792DD0084D40A /* AppDelegate.swift in Sources */ = {isa = PBXBuildFile; fileRef = 8FBD7E0E27A792DD0084D40A /* AppDelegate.swift */; };
		8FBD7E1127A792DD0084D40A /* SceneDelegate.swift in Sources */ = {isa = PBXBuildFile; fileRef = 8FBD7E1027A792DD0084D40A /* SceneDelegate.swift */; };
		8FBD7E1627A792DD0084D40A /* Main.storyboard in Resources */ = {isa = PBXBuildFile; fileRef = 8FBD7E1427A792DD0084D40A /* Main.storyboard */; };
		8FBD7E1927A792DD0084D40A /* Shift_Notes.xcdatamodeld in Sources */ = {isa = PBXBuildFile; fileRef = 8FBD7E1727A792DD0084D40A /* Shift_Notes.xcdatamodeld */; };
		8FBD7E1B27A792DF0084D40A /* Assets.xcassets in Resources */ = {isa = PBXBuildFile; fileRef = 8FBD7E1A27A792DF0084D40A /* Assets.xcassets */; };
		8FBD7E1E27A792DF0084D40A /* LaunchScreen.storyboard in Resources */ = {isa = PBXBuildFile; fileRef = 8FBD7E1C27A792DF0084D40A /* LaunchScreen.storyboard */; };
		8FBD7E2927A792DF0084D40A /* Shift_NotesTests.swift in Sources */ = {isa = PBXBuildFile; fileRef = 8FBD7E2827A792DF0084D40A /* Shift_NotesTests.swift */; };
		8FBD7E3327A792DF0084D40A /* Shift_NotesUITests.swift in Sources */ = {isa = PBXBuildFile; fileRef = 8FBD7E3227A792DF0084D40A /* Shift_NotesUITests.swift */; };
		8FBD7E3527A792DF0084D40A /* Shift_NotesUITestsLaunchTests.swift in Sources */ = {isa = PBXBuildFile; fileRef = 8FBD7E3427A792DF0084D40A /* Shift_NotesUITestsLaunchTests.swift */; };
		8FC8248127A7F4320052FFBB /* Note+CoreDataClass.swift in Sources */ = {isa = PBXBuildFile; fileRef = 8FC8247F27A7F4310052FFBB /* Note+CoreDataClass.swift */; };
		8FC8248227A7F4320052FFBB /* Note+CoreDataClass.swift in Sources */ = {isa = PBXBuildFile; fileRef = 8FC8247F27A7F4310052FFBB /* Note+CoreDataClass.swift */; };
		8FC8248327A7F4320052FFBB /* Note+CoreDataClass.swift in Sources */ = {isa = PBXBuildFile; fileRef = 8FC8247F27A7F4310052FFBB /* Note+CoreDataClass.swift */; };
/* End PBXBuildFile section */

/* Begin PBXContainerItemProxy section */
		8FBD7E2527A792DF0084D40A /* PBXContainerItemProxy */ = {
			isa = PBXContainerItemProxy;
			containerPortal = 8FBD7E0327A792DC0084D40A /* Project object */;
			proxyType = 1;
			remoteGlobalIDString = 8FBD7E0A27A792DC0084D40A;
			remoteInfo = "Shift Notes";
		};
		8FBD7E2F27A792DF0084D40A /* PBXContainerItemProxy */ = {
			isa = PBXContainerItemProxy;
			containerPortal = 8FBD7E0327A792DC0084D40A /* Project object */;
			proxyType = 1;
			remoteGlobalIDString = 8FBD7E0A27A792DC0084D40A;
			remoteInfo = "Shift Notes";
		};
/* End PBXContainerItemProxy section */

/* Begin PBXFileReference section */
		8F10C15627A920A700D71548 /* NoteEditViewController.swift */ = {isa = PBXFileReference; lastKnownFileType = sourcecode.swift; name = NoteEditViewController.swift; path = UI/NoteEditViewController.swift; sourceTree = "<group>"; };
		8F10C15A27A93C1300D71548 /* NoteEditTextView.swift */ = {isa = PBXFileReference; lastKnownFileType = sourcecode.swift; name = NoteEditTextView.swift; path = UI/NoteEditTextView.swift; sourceTree = "<group>"; };
		8F2EDF3D27A79C88005E9FCF /* NotesTitlesCell.swift */ = {isa = PBXFileReference; lastKnownFileType = sourcecode.swift; name = NotesTitlesCell.swift; path = UI/NotesTitlesCell.swift; sourceTree = "<group>"; };
		8F2EDF4127A79DC3005E9FCF /* MainViewController.swift */ = {isa = PBXFileReference; lastKnownFileType = sourcecode.swift; name = MainViewController.swift; path = UI/MainViewController.swift; sourceTree = "<group>"; };
		8F2EDF4527A79E07005E9FCF /* MainTableViewController.swift */ = {isa = PBXFileReference; lastKnownFileType = sourcecode.swift; name = MainTableViewController.swift; path = UI/MainTableViewController.swift; sourceTree = "<group>"; };
		8F6FB99827A7960E004A577E /* FocusStart_iOS_TestTask_v4.pdf */ = {isa = PBXFileReference; lastKnownFileType = image.pdf; name = FocusStart_iOS_TestTask_v4.pdf; path = "Shift Notes/Doc/FocusStart_iOS_TestTask_v4.pdf"; sourceTree = SOURCE_ROOT; };
		8FBD7E0B27A792DC0084D40A /* Shift Notes.app */ = {isa = PBXFileReference; explicitFileType = wrapper.application; includeInIndex = 0; path = "Shift Notes.app"; sourceTree = BUILT_PRODUCTS_DIR; };
		8FBD7E0E27A792DD0084D40A /* AppDelegate.swift */ = {isa = PBXFileReference; lastKnownFileType = sourcecode.swift; path = AppDelegate.swift; sourceTree = "<group>"; };
		8FBD7E1027A792DD0084D40A /* SceneDelegate.swift */ = {isa = PBXFileReference; lastKnownFileType = sourcecode.swift; path = SceneDelegate.swift; sourceTree = "<group>"; };
		8FBD7E1527A792DD0084D40A /* Base */ = {isa = PBXFileReference; lastKnownFileType = file.storyboard; name = Base; path = Base.lproj/Main.storyboard; sourceTree = "<group>"; };
		8FBD7E1827A792DD0084D40A /* Shift_Notes.xcdatamodel */ = {isa = PBXFileReference; lastKnownFileType = wrapper.xcdatamodel; path = Shift_Notes.xcdatamodel; sourceTree = "<group>"; };
		8FBD7E1A27A792DF0084D40A /* Assets.xcassets */ = {isa = PBXFileReference; lastKnownFileType = folder.assetcatalog; path = Assets.xcassets; sourceTree = "<group>"; };
		8FBD7E1D27A792DF0084D40A /* Base */ = {isa = PBXFileReference; lastKnownFileType = file.storyboard; name = Base; path = Base.lproj/LaunchScreen.storyboard; sourceTree = "<group>"; };
		8FBD7E1F27A792DF0084D40A /* Info.plist */ = {isa = PBXFileReference; lastKnownFileType = text.plist.xml; path = Info.plist; sourceTree = "<group>"; };
		8FBD7E2427A792DF0084D40A /* Shift NotesTests.xctest */ = {isa = PBXFileReference; explicitFileType = wrapper.cfbundle; includeInIndex = 0; path = "Shift NotesTests.xctest"; sourceTree = BUILT_PRODUCTS_DIR; };
		8FBD7E2827A792DF0084D40A /* Shift_NotesTests.swift */ = {isa = PBXFileReference; lastKnownFileType = sourcecode.swift; path = Shift_NotesTests.swift; sourceTree = "<group>"; };
		8FBD7E2E27A792DF0084D40A /* Shift NotesUITests.xctest */ = {isa = PBXFileReference; explicitFileType = wrapper.cfbundle; includeInIndex = 0; path = "Shift NotesUITests.xctest"; sourceTree = BUILT_PRODUCTS_DIR; };
		8FBD7E3227A792DF0084D40A /* Shift_NotesUITests.swift */ = {isa = PBXFileReference; lastKnownFileType = sourcecode.swift; path = Shift_NotesUITests.swift; sourceTree = "<group>"; };
		8FBD7E3427A792DF0084D40A /* Shift_NotesUITestsLaunchTests.swift */ = {isa = PBXFileReference; lastKnownFileType = sourcecode.swift; path = Shift_NotesUITestsLaunchTests.swift; sourceTree = "<group>"; };
		8FC8247F27A7F4310052FFBB /* Note+CoreDataClass.swift */ = {isa = PBXFileReference; lastKnownFileType = sourcecode.swift; name = "Note+CoreDataClass.swift"; path = "Shift Notes/DataModel/Note+CoreDataClass.swift"; sourceTree = "<group>"; };
/* End PBXFileReference section */

/* Begin PBXFrameworksBuildPhase section */
		8FBD7E0827A792DC0084D40A /* Frameworks */ = {
			isa = PBXFrameworksBuildPhase;
			buildActionMask = 2147483647;
			files = (
			);
			runOnlyForDeploymentPostprocessing = 0;
		};
		8FBD7E2127A792DF0084D40A /* Frameworks */ = {
			isa = PBXFrameworksBuildPhase;
			buildActionMask = 2147483647;
			files = (
			);
			runOnlyForDeploymentPostprocessing = 0;
		};
		8FBD7E2B27A792DF0084D40A /* Frameworks */ = {
			isa = PBXFrameworksBuildPhase;
			buildActionMask = 2147483647;
			files = (
			);
			runOnlyForDeploymentPostprocessing = 0;
		};
/* End PBXFrameworksBuildPhase section */

/* Begin PBXGroup section */
		8FBD7E0227A792DC0084D40A = {
			isa = PBXGroup;
			children = (
				8FC8247F27A7F4310052FFBB /* Note+CoreDataClass.swift */,
				8FBD7E0D27A792DC0084D40A /* Shift Notes */,
				8FBD7E2727A792DF0084D40A /* Shift NotesTests */,
				8FBD7E3127A792DF0084D40A /* Shift NotesUITests */,
				8FBD7E0C27A792DC0084D40A /* Products */,
			);
			sourceTree = "<group>";
		};
		8FBD7E0C27A792DC0084D40A /* Products */ = {
			isa = PBXGroup;
			children = (
				8FBD7E0B27A792DC0084D40A /* Shift Notes.app */,
				8FBD7E2427A792DF0084D40A /* Shift NotesTests.xctest */,
				8FBD7E2E27A792DF0084D40A /* Shift NotesUITests.xctest */,
			);
			name = Products;
			sourceTree = "<group>";
		};
		8FBD7E0D27A792DC0084D40A /* Shift Notes */ = {
			isa = PBXGroup;
			children = (
				8FBD7E0E27A792DD0084D40A /* AppDelegate.swift */,
				8FBD7E1027A792DD0084D40A /* SceneDelegate.swift */,
				8FBD7E1427A792DD0084D40A /* Main.storyboard */,
				8F10C15A27A93C1300D71548 /* NoteEditTextView.swift */,
				8F10C15627A920A700D71548 /* NoteEditViewController.swift */,
				8F2EDF4527A79E07005E9FCF /* MainTableViewController.swift */,
				8FBD7E1A27A792DF0084D40A /* Assets.xcassets */,
				8FBD7E1C27A792DF0084D40A /* LaunchScreen.storyboard */,
				8FBD7E1F27A792DF0084D40A /* Info.plist */,
				8FBD7E1727A792DD0084D40A /* Shift_Notes.xcdatamodeld */,
				8F2EDF3D27A79C88005E9FCF /* NotesTitlesCell.swift */,
				8F2EDF4127A79DC3005E9FCF /* MainViewController.swift */,
			);
			path = "Shift Notes";
			sourceTree = "<group>";
		};
		8FBD7E2727A792DF0084D40A /* Shift NotesTests */ = {
			isa = PBXGroup;
			children = (
				8FBD7E2827A792DF0084D40A /* Shift_NotesTests.swift */,
			);
			path = "Shift NotesTests";
			sourceTree = "<group>";
		};
		8FBD7E3127A792DF0084D40A /* Shift NotesUITests */ = {
			isa = PBXGroup;
			children = (
				8FBD7E3227A792DF0084D40A /* Shift_NotesUITests.swift */,
				8FBD7E3427A792DF0084D40A /* Shift_NotesUITestsLaunchTests.swift */,
				8F6FB99827A7960E004A577E /* FocusStart_iOS_TestTask_v4.pdf */,
			);
			path = "Shift NotesUITests";
			sourceTree = "<group>";
		};
/* End PBXGroup section */

/* Begin PBXNativeTarget section */
		8FBD7E0A27A792DC0084D40A /* Shift Notes */ = {
			isa = PBXNativeTarget;
			buildConfigurationList = 8FBD7E3827A792DF0084D40A /* Build configuration list for PBXNativeTarget "Shift Notes" */;
			buildPhases = (
				8FBD7E0727A792DC0084D40A /* Sources */,
				8FBD7E0827A792DC0084D40A /* Frameworks */,
				8FBD7E0927A792DC0084D40A /* Resources */,
			);
			buildRules = (
			);
			dependencies = (
			);
			name = "Shift Notes";
			productName = "Shift Notes";
			productReference = 8FBD7E0B27A792DC0084D40A /* Shift Notes.app */;
			productType = "com.apple.product-type.application";
		};
		8FBD7E2327A792DF0084D40A /* Shift NotesTests */ = {
			isa = PBXNativeTarget;
			buildConfigurationList = 8FBD7E3B27A792DF0084D40A /* Build configuration list for PBXNativeTarget "Shift NotesTests" */;
			buildPhases = (
				8FBD7E2027A792DF0084D40A /* Sources */,
				8FBD7E2127A792DF0084D40A /* Frameworks */,
				8FBD7E2227A792DF0084D40A /* Resources */,
			);
			buildRules = (
			);
			dependencies = (
				8FBD7E2627A792DF0084D40A /* PBXTargetDependency */,
			);
			name = "Shift NotesTests";
			productName = "Shift NotesTests";
			productReference = 8FBD7E2427A792DF0084D40A /* Shift NotesTests.xctest */;
			productType = "com.apple.product-type.bundle.unit-test";
		};
		8FBD7E2D27A792DF0084D40A /* Shift NotesUITests */ = {
			isa = PBXNativeTarget;
			buildConfigurationList = 8FBD7E3E27A792DF0084D40A /* Build configuration list for PBXNativeTarget "Shift NotesUITests" */;
			buildPhases = (
				8FBD7E2A27A792DF0084D40A /* Sources */,
				8FBD7E2B27A792DF0084D40A /* Frameworks */,
				8FBD7E2C27A792DF0084D40A /* Resources */,
			);
			buildRules = (
			);
			dependencies = (
				8FBD7E3027A792DF0084D40A /* PBXTargetDependency */,
			);
			name = "Shift NotesUITests";
			productName = "Shift NotesUITests";
			productReference = 8FBD7E2E27A792DF0084D40A /* Shift NotesUITests.xctest */;
			productType = "com.apple.product-type.bundle.ui-testing";
		};
/* End PBXNativeTarget section */

/* Begin PBXProject section */
		8FBD7E0327A792DC0084D40A /* Project object */ = {
			isa = PBXProject;
			attributes = {
				BuildIndependentTargetsInParallel = 1;
				LastSwiftUpdateCheck = 1320;
				LastUpgradeCheck = 1320;
				TargetAttributes = {
					8FBD7E0A27A792DC0084D40A = {
						CreatedOnToolsVersion = 13.2;
					};
					8FBD7E2327A792DF0084D40A = {
						CreatedOnToolsVersion = 13.2;
						TestTargetID = 8FBD7E0A27A792DC0084D40A;
					};
					8FBD7E2D27A792DF0084D40A = {
						CreatedOnToolsVersion = 13.2;
						TestTargetID = 8FBD7E0A27A792DC0084D40A;
					};
				};
			};
			buildConfigurationList = 8FBD7E0627A792DC0084D40A /* Build configuration list for PBXProject "Shift Notes" */;
			compatibilityVersion = "Xcode 13.0";
			developmentRegion = en;
			hasScannedForEncodings = 0;
			knownRegions = (
				en,
				Base,
			);
			mainGroup = 8FBD7E0227A792DC0084D40A;
			productRefGroup = 8FBD7E0C27A792DC0084D40A /* Products */;
			projectDirPath = "";
			projectRoot = "";
			targets = (
				8FBD7E0A27A792DC0084D40A /* Shift Notes */,
				8FBD7E2327A792DF0084D40A /* Shift NotesTests */,
				8FBD7E2D27A792DF0084D40A /* Shift NotesUITests */,
			);
		};
/* End PBXProject section */

/* Begin PBXResourcesBuildPhase section */
		8FBD7E0927A792DC0084D40A /* Resources */ = {
			isa = PBXResourcesBuildPhase;
			buildActionMask = 2147483647;
			files = (
				8FBD7E1E27A792DF0084D40A /* LaunchScreen.storyboard in Resources */,
				8F6FB99927A7960E004A577E /* FocusStart_iOS_TestTask_v4.pdf in Resources */,
				8FBD7E1B27A792DF0084D40A /* Assets.xcassets in Resources */,
				8FBD7E1627A792DD0084D40A /* Main.storyboard in Resources */,
			);
			runOnlyForDeploymentPostprocessing = 0;
		};
		8FBD7E2227A792DF0084D40A /* Resources */ = {
			isa = PBXResourcesBuildPhase;
			buildActionMask = 2147483647;
			files = (
			);
			runOnlyForDeploymentPostprocessing = 0;
		};
		8FBD7E2C27A792DF0084D40A /* Resources */ = {
			isa = PBXResourcesBuildPhase;
			buildActionMask = 2147483647;
			files = (
			);
			runOnlyForDeploymentPostprocessing = 0;
		};
/* End PBXResourcesBuildPhase section */

/* Begin PBXSourcesBuildPhase section */
		8FBD7E0727A792DC0084D40A /* Sources */ = {
			isa = PBXSourcesBuildPhase;
			buildActionMask = 2147483647;
			files = (
				8F10C15B27A93C1300D71548 /* NoteEditTextView.swift in Sources */,
				8F2EDF3E27A79C88005E9FCF /* NotesTitlesCell.swift in Sources */,
				8FC8248127A7F4320052FFBB /* Note+CoreDataClass.swift in Sources */,
				8F10C15727A920A700D71548 /* NoteEditViewController.swift in Sources */,
				8FBD7E0F27A792DD0084D40A /* AppDelegate.swift in Sources */,
				8FBD7E1927A792DD0084D40A /* Shift_Notes.xcdatamodeld in Sources */,
				8FBD7E1127A792DD0084D40A /* SceneDelegate.swift in Sources */,
				8F2EDF4627A79E07005E9FCF /* MainTableViewController.swift in Sources */,
				8F2EDF4227A79DC3005E9FCF /* MainViewController.swift in Sources */,
			);
			runOnlyForDeploymentPostprocessing = 0;
		};
		8FBD7E2027A792DF0084D40A /* Sources */ = {
			isa = PBXSourcesBuildPhase;
			buildActionMask = 2147483647;
			files = (
				8F10C15827A920A700D71548 /* NoteEditViewController.swift in Sources */,
				8F2EDF4727A79E07005E9FCF /* MainTableViewController.swift in Sources */,
				8F2EDF4327A79DC3005E9FCF /* MainViewController.swift in Sources */,
				8F10C15C27A93C1300D71548 /* NoteEditTextView.swift in Sources */,
				8FC8248227A7F4320052FFBB /* Note+CoreDataClass.swift in Sources */,
				8F2EDF3F27A79C88005E9FCF /* NotesTitlesCell.swift in Sources */,
				8FBD7E2927A792DF0084D40A /* Shift_NotesTests.swift in Sources */,
			);
			runOnlyForDeploymentPostprocessing = 0;
		};
		8FBD7E2A27A792DF0084D40A /* Sources */ = {
			isa = PBXSourcesBuildPhase;
			buildActionMask = 2147483647;
			files = (
				8FBD7E3327A792DF0084D40A /* Shift_NotesUITests.swift in Sources */,
				8F2EDF4027A79C88005E9FCF /* NotesTitlesCell.swift in Sources */,
				8F10C15927A920A700D71548 /* NoteEditViewController.swift in Sources */,
				8FBD7E3527A792DF0084D40A /* Shift_NotesUITestsLaunchTests.swift in Sources */,
				8FC8248327A7F4320052FFBB /* Note+CoreDataClass.swift in Sources */,
				8F10C15D27A93C1300D71548 /* NoteEditTextView.swift in Sources */,
				8F2EDF4827A79E07005E9FCF /* MainTableViewController.swift in Sources */,
				8F2EDF4427A79DC3005E9FCF /* MainViewController.swift in Sources */,
			);
			runOnlyForDeploymentPostprocessing = 0;
		};
/* End PBXSourcesBuildPhase section */

/* Begin PBXTargetDependency section */
		8FBD7E2627A792DF0084D40A /* PBXTargetDependency */ = {
			isa = PBXTargetDependency;
			target = 8FBD7E0A27A792DC0084D40A /* Shift Notes */;
			targetProxy = 8FBD7E2527A792DF0084D40A /* PBXContainerItemProxy */;
		};
		8FBD7E3027A792DF0084D40A /* PBXTargetDependency */ = {
			isa = PBXTargetDependency;
			target = 8FBD7E0A27A792DC0084D40A /* Shift Notes */;
			targetProxy = 8FBD7E2F27A792DF0084D40A /* PBXContainerItemProxy */;
		};
/* End PBXTargetDependency section */

/* Begin PBXVariantGroup section */
		8FBD7E1427A792DD0084D40A /* Main.storyboard */ = {
			isa = PBXVariantGroup;
			children = (
				8FBD7E1527A792DD0084D40A /* Base */,
			);
			name = Main.storyboard;
			sourceTree = "<group>";
		};
		8FBD7E1C27A792DF0084D40A /* LaunchScreen.storyboard */ = {
			isa = PBXVariantGroup;
			children = (
				8FBD7E1D27A792DF0084D40A /* Base */,
			);
			name = LaunchScreen.storyboard;
			sourceTree = "<group>";
		};
/* End PBXVariantGroup section */

/* Begin XCBuildConfiguration section */
		8FBD7E3627A792DF0084D40A /* Debug */ = {
			isa = XCBuildConfiguration;
			buildSettings = {
				ALWAYS_SEARCH_USER_PATHS = NO;
				CLANG_ANALYZER_NONNULL = YES;
				CLANG_ANALYZER_NUMBER_OBJECT_CONVERSION = YES_AGGRESSIVE;
				CLANG_CXX_LANGUAGE_STANDARD = "gnu++17";
				CLANG_CXX_LIBRARY = "libc++";
				CLANG_ENABLE_MODULES = YES;
				CLANG_ENABLE_OBJC_ARC = YES;
				CLANG_ENABLE_OBJC_WEAK = YES;
				CLANG_WARN_BLOCK_CAPTURE_AUTORELEASING = YES;
				CLANG_WARN_BOOL_CONVERSION = YES;
				CLANG_WARN_COMMA = YES;
				CLANG_WARN_CONSTANT_CONVERSION = YES;
				CLANG_WARN_DEPRECATED_OBJC_IMPLEMENTATIONS = YES;
				CLANG_WARN_DIRECT_OBJC_ISA_USAGE = YES_ERROR;
				CLANG_WARN_DOCUMENTATION_COMMENTS = YES;
				CLANG_WARN_EMPTY_BODY = YES;
				CLANG_WARN_ENUM_CONVERSION = YES;
				CLANG_WARN_INFINITE_RECURSION = YES;
				CLANG_WARN_INT_CONVERSION = YES;
				CLANG_WARN_NON_LITERAL_NULL_CONVERSION = YES;
				CLANG_WARN_OBJC_IMPLICIT_RETAIN_SELF = YES;
				CLANG_WARN_OBJC_LITERAL_CONVERSION = YES;
				CLANG_WARN_OBJC_ROOT_CLASS = YES_ERROR;
				CLANG_WARN_QUOTED_INCLUDE_IN_FRAMEWORK_HEADER = YES;
				CLANG_WARN_RANGE_LOOP_ANALYSIS = YES;
				CLANG_WARN_STRICT_PROTOTYPES = YES;
				CLANG_WARN_SUSPICIOUS_MOVE = YES;
				CLANG_WARN_UNGUARDED_AVAILABILITY = YES_AGGRESSIVE;
				CLANG_WARN_UNREACHABLE_CODE = YES;
				CLANG_WARN__DUPLICATE_METHOD_MATCH = YES;
				COPY_PHASE_STRIP = NO;
				DEBUG_INFORMATION_FORMAT = dwarf;
				ENABLE_STRICT_OBJC_MSGSEND = YES;
				ENABLE_TESTABILITY = YES;
				GCC_C_LANGUAGE_STANDARD = gnu11;
				GCC_DYNAMIC_NO_PIC = NO;
				GCC_NO_COMMON_BLOCKS = YES;
				GCC_OPTIMIZATION_LEVEL = 0;
				GCC_PREPROCESSOR_DEFINITIONS = (
					"DEBUG=1",
					"$(inherited)",
				);
				GCC_WARN_64_TO_32_BIT_CONVERSION = YES;
				GCC_WARN_ABOUT_RETURN_TYPE = YES_ERROR;
				GCC_WARN_UNDECLARED_SELECTOR = YES;
				GCC_WARN_UNINITIALIZED_AUTOS = YES_AGGRESSIVE;
				GCC_WARN_UNUSED_FUNCTION = YES;
				GCC_WARN_UNUSED_VARIABLE = YES;
				IPHONEOS_DEPLOYMENT_TARGET = 15.2;
				MTL_ENABLE_DEBUG_INFO = INCLUDE_SOURCE;
				MTL_FAST_MATH = YES;
				ONLY_ACTIVE_ARCH = YES;
				SDKROOT = iphoneos;
				SWIFT_ACTIVE_COMPILATION_CONDITIONS = DEBUG;
				SWIFT_OPTIMIZATION_LEVEL = "-Onone";
			};
			name = Debug;
		};
		8FBD7E3727A792DF0084D40A /* Release */ = {
			isa = XCBuildConfiguration;
			buildSettings = {
				ALWAYS_SEARCH_USER_PATHS = NO;
				CLANG_ANALYZER_NONNULL = YES;
				CLANG_ANALYZER_NUMBER_OBJECT_CONVERSION = YES_AGGRESSIVE;
				CLANG_CXX_LANGUAGE_STANDARD = "gnu++17";
				CLANG_CXX_LIBRARY = "libc++";
				CLANG_ENABLE_MODULES = YES;
				CLANG_ENABLE_OBJC_ARC = YES;
				CLANG_ENABLE_OBJC_WEAK = YES;
				CLANG_WARN_BLOCK_CAPTURE_AUTORELEASING = YES;
				CLANG_WARN_BOOL_CONVERSION = YES;
				CLANG_WARN_COMMA = YES;
				CLANG_WARN_CONSTANT_CONVERSION = YES;
				CLANG_WARN_DEPRECATED_OBJC_IMPLEMENTATIONS = YES;
				CLANG_WARN_DIRECT_OBJC_ISA_USAGE = YES_ERROR;
				CLANG_WARN_DOCUMENTATION_COMMENTS = YES;
				CLANG_WARN_EMPTY_BODY = YES;
				CLANG_WARN_ENUM_CONVERSION = YES;
				CLANG_WARN_INFINITE_RECURSION = YES;
				CLANG_WARN_INT_CONVERSION = YES;
				CLANG_WARN_NON_LITERAL_NULL_CONVERSION = YES;
				CLANG_WARN_OBJC_IMPLICIT_RETAIN_SELF = YES;
				CLANG_WARN_OBJC_LITERAL_CONVERSION = YES;
				CLANG_WARN_OBJC_ROOT_CLASS = YES_ERROR;
				CLANG_WARN_QUOTED_INCLUDE_IN_FRAMEWORK_HEADER = YES;
				CLANG_WARN_RANGE_LOOP_ANALYSIS = YES;
				CLANG_WARN_STRICT_PROTOTYPES = YES;
				CLANG_WARN_SUSPICIOUS_MOVE = YES;
				CLANG_WARN_UNGUARDED_AVAILABILITY = YES_AGGRESSIVE;
				CLANG_WARN_UNREACHABLE_CODE = YES;
				CLANG_WARN__DUPLICATE_METHOD_MATCH = YES;
				COPY_PHASE_STRIP = NO;
				DEBUG_INFORMATION_FORMAT = "dwarf-with-dsym";
				ENABLE_NS_ASSERTIONS = NO;
				ENABLE_STRICT_OBJC_MSGSEND = YES;
				GCC_C_LANGUAGE_STANDARD = gnu11;
				GCC_NO_COMMON_BLOCKS = YES;
				GCC_WARN_64_TO_32_BIT_CONVERSION = YES;
				GCC_WARN_ABOUT_RETURN_TYPE = YES_ERROR;
				GCC_WARN_UNDECLARED_SELECTOR = YES;
				GCC_WARN_UNINITIALIZED_AUTOS = YES_AGGRESSIVE;
				GCC_WARN_UNUSED_FUNCTION = YES;
				GCC_WARN_UNUSED_VARIABLE = YES;
				IPHONEOS_DEPLOYMENT_TARGET = 15.2;
				MTL_ENABLE_DEBUG_INFO = NO;
				MTL_FAST_MATH = YES;
				SDKROOT = iphoneos;
				SWIFT_COMPILATION_MODE = wholemodule;
				SWIFT_OPTIMIZATION_LEVEL = "-O";
				VALIDATE_PRODUCT = YES;
			};
			name = Release;
		};
		8FBD7E3927A792DF0084D40A /* Debug */ = {
			isa = XCBuildConfiguration;
			buildSettings = {
				ASSETCATALOG_COMPILER_APPICON_NAME = AppIcon;
				ASSETCATALOG_COMPILER_GLOBAL_ACCENT_COLOR_NAME = AccentColor;
				CODE_SIGN_STYLE = Automatic;
				CURRENT_PROJECT_VERSION = 1;
				DEVELOPMENT_TEAM = UU6Y828634;
				GENERATE_INFOPLIST_FILE = YES;
				INFOPLIST_FILE = "Shift Notes/Info.plist";
				INFOPLIST_KEY_CFBundleDisplayName = "ШИФТ Заметки";
				INFOPLIST_KEY_UIApplicationSupportsIndirectInputEvents = YES;
				INFOPLIST_KEY_UILaunchStoryboardName = LaunchScreen;
				INFOPLIST_KEY_UIMainStoryboardFile = Main;
				INFOPLIST_KEY_UISupportedInterfaceOrientations_iPad = "UIInterfaceOrientationPortrait UIInterfaceOrientationPortraitUpsideDown UIInterfaceOrientationLandscapeLeft UIInterfaceOrientationLandscapeRight";
				INFOPLIST_KEY_UISupportedInterfaceOrientations_iPhone = "UIInterfaceOrientationPortrait UIInterfaceOrientationLandscapeLeft UIInterfaceOrientationLandscapeRight";
				LD_RUNPATH_SEARCH_PATHS = (
					"$(inherited)",
					"@executable_path/Frameworks",
				);
				MARKETING_VERSION = 1.0;
				PRODUCT_BUNDLE_IDENTIFIER = "Dmitry-Filin.Shift-Notes";
				PRODUCT_NAME = "$(TARGET_NAME)";
				SWIFT_EMIT_LOC_STRINGS = YES;
				SWIFT_VERSION = 5.0;
				TARGETED_DEVICE_FAMILY = "1,2";
			};
			name = Debug;
		};
		8FBD7E3A27A792DF0084D40A /* Release */ = {
			isa = XCBuildConfiguration;
			buildSettings = {
				ASSETCATALOG_COMPILER_APPICON_NAME = AppIcon;
				ASSETCATALOG_COMPILER_GLOBAL_ACCENT_COLOR_NAME = AccentColor;
				CODE_SIGN_STYLE = Automatic;
				CURRENT_PROJECT_VERSION = 1;
				DEVELOPMENT_TEAM = UU6Y828634;
				GENERATE_INFOPLIST_FILE = YES;
				INFOPLIST_FILE = "Shift Notes/Info.plist";
				INFOPLIST_KEY_CFBundleDisplayName = "ШИФТ Заметки";
				INFOPLIST_KEY_UIApplicationSupportsIndirectInputEvents = YES;
				INFOPLIST_KEY_UILaunchStoryboardName = LaunchScreen;
				INFOPLIST_KEY_UIMainStoryboardFile = Main;
				INFOPLIST_KEY_UISupportedInterfaceOrientations_iPad = "UIInterfaceOrientationPortrait UIInterfaceOrientationPortraitUpsideDown UIInterfaceOrientationLandscapeLeft UIInterfaceOrientationLandscapeRight";
				INFOPLIST_KEY_UISupportedInterfaceOrientations_iPhone = "UIInterfaceOrientationPortrait UIInterfaceOrientationLandscapeLeft UIInterfaceOrientationLandscapeRight";
				LD_RUNPATH_SEARCH_PATHS = (
					"$(inherited)",
					"@executable_path/Frameworks",
				);
				MARKETING_VERSION = 1.0;
				PRODUCT_BUNDLE_IDENTIFIER = "Dmitry-Filin.Shift-Notes";
				PRODUCT_NAME = "$(TARGET_NAME)";
				SWIFT_EMIT_LOC_STRINGS = YES;
				SWIFT_VERSION = 5.0;
				TARGETED_DEVICE_FAMILY = "1,2";
			};
			name = Release;
		};
		8FBD7E3C27A792DF0084D40A /* Debug */ = {
			isa = XCBuildConfiguration;
			buildSettings = {
				ALWAYS_EMBED_SWIFT_STANDARD_LIBRARIES = YES;
				BUNDLE_LOADER = "$(TEST_HOST)";
				CODE_SIGN_STYLE = Automatic;
				CURRENT_PROJECT_VERSION = 1;
				DEVELOPMENT_TEAM = UU6Y828634;
				GENERATE_INFOPLIST_FILE = YES;
				IPHONEOS_DEPLOYMENT_TARGET = 15.2;
				MARKETING_VERSION = 1.0;
				PRODUCT_BUNDLE_IDENTIFIER = "Dmitry-Filin.Shift-NotesTests";
				PRODUCT_NAME = "$(TARGET_NAME)";
				SWIFT_EMIT_LOC_STRINGS = NO;
				SWIFT_VERSION = 5.0;
				TARGETED_DEVICE_FAMILY = "1,2";
				TEST_HOST = "$(BUILT_PRODUCTS_DIR)/Shift Notes.app/Shift Notes";
			};
			name = Debug;
		};
		8FBD7E3D27A792DF0084D40A /* Release */ = {
			isa = XCBuildConfiguration;
			buildSettings = {
				ALWAYS_EMBED_SWIFT_STANDARD_LIBRARIES = YES;
				BUNDLE_LOADER = "$(TEST_HOST)";
				CODE_SIGN_STYLE = Automatic;
				CURRENT_PROJECT_VERSION = 1;
				DEVELOPMENT_TEAM = UU6Y828634;
				GENERATE_INFOPLIST_FILE = YES;
				IPHONEOS_DEPLOYMENT_TARGET = 15.2;
				MARKETING_VERSION = 1.0;
				PRODUCT_BUNDLE_IDENTIFIER = "Dmitry-Filin.Shift-NotesTests";
				PRODUCT_NAME = "$(TARGET_NAME)";
				SWIFT_EMIT_LOC_STRINGS = NO;
				SWIFT_VERSION = 5.0;
				TARGETED_DEVICE_FAMILY = "1,2";
				TEST_HOST = "$(BUILT_PRODUCTS_DIR)/Shift Notes.app/Shift Notes";
			};
			name = Release;
		};
		8FBD7E3F27A792DF0084D40A /* Debug */ = {
			isa = XCBuildConfiguration;
			buildSettings = {
				ALWAYS_EMBED_SWIFT_STANDARD_LIBRARIES = YES;
				CODE_SIGN_STYLE = Automatic;
				CURRENT_PROJECT_VERSION = 1;
				DEVELOPMENT_TEAM = UU6Y828634;
				GENERATE_INFOPLIST_FILE = YES;
				MARKETING_VERSION = 1.0;
				PRODUCT_BUNDLE_IDENTIFIER = "Dmitry-Filin.Shift-NotesUITests";
				PRODUCT_NAME = "$(TARGET_NAME)";
				SWIFT_EMIT_LOC_STRINGS = NO;
				SWIFT_VERSION = 5.0;
				TARGETED_DEVICE_FAMILY = "1,2";
				TEST_TARGET_NAME = "Shift Notes";
			};
			name = Debug;
		};
		8FBD7E4027A792DF0084D40A /* Release */ = {
			isa = XCBuildConfiguration;
			buildSettings = {
				ALWAYS_EMBED_SWIFT_STANDARD_LIBRARIES = YES;
				CODE_SIGN_STYLE = Automatic;
				CURRENT_PROJECT_VERSION = 1;
				DEVELOPMENT_TEAM = UU6Y828634;
				GENERATE_INFOPLIST_FILE = YES;
				MARKETING_VERSION = 1.0;
				PRODUCT_BUNDLE_IDENTIFIER = "Dmitry-Filin.Shift-NotesUITests";
				PRODUCT_NAME = "$(TARGET_NAME)";
				SWIFT_EMIT_LOC_STRINGS = NO;
				SWIFT_VERSION = 5.0;
				TARGETED_DEVICE_FAMILY = "1,2";
				TEST_TARGET_NAME = "Shift Notes";
			};
			name = Release;
		};
/* End XCBuildConfiguration section */

/* Begin XCConfigurationList section */
		8FBD7E0627A792DC0084D40A /* Build configuration list for PBXProject "Shift Notes" */ = {
			isa = XCConfigurationList;
			buildConfigurations = (
				8FBD7E3627A792DF0084D40A /* Debug */,
				8FBD7E3727A792DF0084D40A /* Release */,
			);
			defaultConfigurationIsVisible = 0;
			defaultConfigurationName = Release;
		};
		8FBD7E3827A792DF0084D40A /* Build configuration list for PBXNativeTarget "Shift Notes" */ = {
			isa = XCConfigurationList;
			buildConfigurations = (
				8FBD7E3927A792DF0084D40A /* Debug */,
				8FBD7E3A27A792DF0084D40A /* Release */,
			);
			defaultConfigurationIsVisible = 0;
			defaultConfigurationName = Release;
		};
		8FBD7E3B27A792DF0084D40A /* Build configuration list for PBXNativeTarget "Shift NotesTests" */ = {
			isa = XCConfigurationList;
			buildConfigurations = (
				8FBD7E3C27A792DF0084D40A /* Debug */,
				8FBD7E3D27A792DF0084D40A /* Release */,
			);
			defaultConfigurationIsVisible = 0;
			defaultConfigurationName = Release;
		};
		8FBD7E3E27A792DF0084D40A /* Build configuration list for PBXNativeTarget "Shift NotesUITests" */ = {
			isa = XCConfigurationList;
			buildConfigurations = (
				8FBD7E3F27A792DF0084D40A /* Debug */,
				8FBD7E4027A792DF0084D40A /* Release */,
			);
			defaultConfigurationIsVisible = 0;
			defaultConfigurationName = Release;
		};
/* End XCConfigurationList section */

/* Begin XCVersionGroup section */
		8FBD7E1727A792DD0084D40A /* Shift_Notes.xcdatamodeld */ = {
			isa = XCVersionGroup;
			children = (
				8FBD7E1827A792DD0084D40A /* Shift_Notes.xcdatamodel */,
			);
			currentVersion = 8FBD7E1827A792DD0084D40A /* Shift_Notes.xcdatamodel */;
			path = Shift_Notes.xcdatamodeld;
			sourceTree = "<group>";
			versionGroupType = wrapper.xcdatamodel;
		};
/* End XCVersionGroup section */
	};
	rootObject = 8FBD7E0327A792DC0084D40A /* Project object */;
}
